
Microsoft Visual Studio Solution File, Format Version 12.00
# Visual Studio Version 17
VisualStudioVersion = 17.10.34916.146
MinimumVisualStudioVersion = 10.0.40219.1
Project("{9A19103F-16F7-4668-BE54-9A1E7A4F7556}") = "SimpleCrud.Domain", "SimpleCrud.Entities\SimpleCrud.Domain.csproj", "{9D625B76-237C-4560-8AD5-F97D393B3426}"
EndProject
Project("{9A19103F-16F7-4668-BE54-9A1E7A4F7556}") = "SimpleCrud.Application", "SimpleCrud.Application\SimpleCrud.Application.csproj", "{290F60A8-F9B2-4B9F-A1A8-09A0EB49CDCA}"
EndProject
Project("{9A19103F-16F7-4668-BE54-9A1E7A4F7556}") = "SimpleCrud.Infrastructure", "SimpleCrud.Infrastructure\SimpleCrud.Infrastructure.csproj", "{6C0E9C8D-BEE9-49E9-9708-051501E78C1E}"
EndProject
Project("{9A19103F-16F7-4668-BE54-9A1E7A4F7556}") = "SimpleCrud.API", "SimpleCrud.API\SimpleCrud.API.csproj", "{BCA6F040-A40C-40D5-9358-EB2A0A4005FF}"
EndProject
Project("{E53339B2-1760-4266-BCC7-CA923CBCF16C}") = "docker-compose", "docker-compose.dcproj", "{4C64CD46-8AEE-4BCF-90A9-1E66DCBB5855}"
EndProject
Global
	GlobalSection(SolutionConfigurationPlatforms) = preSolution
		Debug|Any CPU = Debug|Any CPU
		Release|Any CPU = Release|Any CPU
	EndGlobalSection
	GlobalSection(ProjectConfigurationPlatforms) = postSolution
		{9D625B76-237C-4560-8AD5-F97D393B3426}.Debug|Any CPU.ActiveCfg = Debug|Any CPU
		{9D625B76-237C-4560-8AD5-F97D393B3426}.Debug|Any CPU.Build.0 = Debug|Any CPU
		{9D625B76-237C-4560-8AD5-F97D393B3426}.Release|Any CPU.ActiveCfg = Release|Any CPU
		{9D625B76-237C-4560-8AD5-F97D393B3426}.Release|Any CPU.Build.0 = Release|Any CPU
		{290F60A8-F9B2-4B9F-A1A8-09A0EB49CDCA}.Debug|Any CPU.ActiveCfg = Debug|Any CPU
		{290F60A8-F9B2-4B9F-A1A8-09A0EB49CDCA}.Debug|Any CPU.Build.0 = Debug|Any CPU
		{290F60A8-F9B2-4B9F-A1A8-09A0EB49CDCA}.Release|Any CPU.ActiveCfg = Release|Any CPU
		{290F60A8-F9B2-4B9F-A1A8-09A0EB49CDCA}.Release|Any CPU.Build.0 = Release|Any CPU
		{6C0E9C8D-BEE9-49E9-9708-051501E78C1E}.Debug|Any CPU.ActiveCfg = Debug|Any CPU
		{6C0E9C8D-BEE9-49E9-9708-051501E78C1E}.Debug|Any CPU.Build.0 = Debug|Any CPU
		{6C0E9C8D-BEE9-49E9-9708-051501E78C1E}.Release|Any CPU.ActiveCfg = Release|Any CPU
		{6C0E9C8D-BEE9-49E9-9708-051501E78C1E}.Release|Any CPU.Build.0 = Release|Any CPU
		{BCA6F040-A40C-40D5-9358-EB2A0A4005FF}.Debug|Any CPU.ActiveCfg = Debug|Any CPU
		{BCA6F040-A40C-40D5-9358-EB2A0A4005FF}.Debug|Any CPU.Build.0 = Debug|Any CPU
		{BCA6F040-A40C-40D5-9358-EB2A0A4005FF}.Release|Any CPU.ActiveCfg = Release|Any CPU
		{BCA6F040-A40C-40D5-9358-EB2A0A4005FF}.Release|Any CPU.Build.0 = Release|Any CPU
		{4C64CD46-8AEE-4BCF-90A9-1E66DCBB5855}.Debug|Any CPU.ActiveCfg = Debug|Any CPU
		{4C64CD46-8AEE-4BCF-90A9-1E66DCBB5855}.Debug|Any CPU.Build.0 = Debug|Any CPU
		{4C64CD46-8AEE-4BCF-90A9-1E66DCBB5855}.Release|Any CPU.ActiveCfg = Release|Any CPU
		{4C64CD46-8AEE-4BCF-90A9-1E66DCBB5855}.Release|Any CPU.Build.0 = Release|Any CPU
	EndGlobalSection
	GlobalSection(SolutionProperties) = preSolution
		HideSolutionNode = FALSE
	EndGlobalSection
	GlobalSection(ExtensibilityGlobals) = postSolution
		SolutionGuid = {6C36BB2A-C477-41F9-BB66-7FAD1C04ABA3}
	EndGlobalSection
EndGlobal
